
Microsoft Visual Studio Solution File, Format Version 12.00
# Visual Studio Version 16
VisualStudioVersion = 16.0.30404.54
MinimumVisualStudioVersion = 10.0.40219.1
Project("{FAE04EC0-301F-11D3-BF4B-00C04F79EFBC}") = "W3SuperAdmin", "W3SuperAdmin\W3SuperAdmin.csproj", "{76850378-B64F-4CA1-A2AD-76B923DD403D}"
EndProject
Project("{FAE04EC0-301F-11D3-BF4B-00C04F79EFBC}") = "W3SuperAdmin.BLL", "W3SuperAdmin.BLL\W3SuperAdmin.BLL.csproj", "{16EB235E-D377-4DAE-807C-0C691A59FE01}"
EndProject
Project("{FAE04EC0-301F-11D3-BF4B-00C04F79EFBC}") = "W3SuperAdmin.Libraries", "W3SuperAdmin.Libraries\W3SuperAdmin.Libraries.csproj", "{F9F27EBE-2578-432C-ABCE-5B96443F89A5}"
EndProject
Global
	GlobalSection(SolutionConfigurationPlatforms) = preSolution
		Debug|Any CPU = Debug|Any CPU
		Release|Any CPU = Release|Any CPU
	EndGlobalSection
	GlobalSection(ProjectConfigurationPlatforms) = postSolution
		{76850378-B64F-4CA1-A2AD-76B923DD403D}.Debug|Any CPU.ActiveCfg = Debug|Any CPU
		{76850378-B64F-4CA1-A2AD-76B923DD403D}.Debug|Any CPU.Build.0 = Debug|Any CPU
		{76850378-B64F-4CA1-A2AD-76B923DD403D}.Release|Any CPU.ActiveCfg = Release|Any CPU
		{76850378-B64F-4CA1-A2AD-76B923DD403D}.Release|Any CPU.Build.0 = Release|Any CPU
		{16EB235E-D377-4DAE-807C-0C691A59FE01}.Debug|Any CPU.ActiveCfg = Debug|Any CPU
		{16EB235E-D377-4DAE-807C-0C691A59FE01}.Debug|Any CPU.Build.0 = Debug|Any CPU
		{16EB235E-D377-4DAE-807C-0C691A59FE01}.Release|Any CPU.ActiveCfg = Release|Any CPU
		{16EB235E-D377-4DAE-807C-0C691A59FE01}.Release|Any CPU.Build.0 = Release|Any CPU
		{F9F27EBE-2578-432C-ABCE-5B96443F89A5}.Debug|Any CPU.ActiveCfg = Debug|Any CPU
		{F9F27EBE-2578-432C-ABCE-5B96443F89A5}.Debug|Any CPU.Build.0 = Debug|Any CPU
		{F9F27EBE-2578-432C-ABCE-5B96443F89A5}.Release|Any CPU.ActiveCfg = Release|Any CPU
		{F9F27EBE-2578-432C-ABCE-5B96443F89A5}.Release|Any CPU.Build.0 = Release|Any CPU
	EndGlobalSection
	GlobalSection(SolutionProperties) = preSolution
		HideSolutionNode = FALSE
	EndGlobalSection
	GlobalSection(ExtensibilityGlobals) = postSolution
		SolutionGuid = {33B80702-FA72-4BFF-8EF5-FD1BB78316F7}
	EndGlobalSection
EndGlobal
